// !$*UTF8*$!
{
	archiveVersion = 1;
	classes = {
	};
	objectVersion = 46;
	objects = {

/* Begin PBXBuildFile section */
		90F3CDA921703EB343835E64 /* libPods-Reprieve-Dispatch.a in Frameworks */ = {isa = PBXBuildFile; fileRef = 4847FD862173EE5880924458 /* libPods-Reprieve-Dispatch.a */; };
		F00E5B7E1DC8834600B433CA /* ManageCalls.swift in Sources */ = {isa = PBXBuildFile; fileRef = F00E5B7D1DC8834600B433CA /* ManageCalls.swift */; };
		F00E5B801DC8835400B433CA /* AddCall.swift in Sources */ = {isa = PBXBuildFile; fileRef = F00E5B7F1DC8835400B433CA /* AddCall.swift */; };
		F00E5B821DC8836000B433CA /* CancelCall.swift in Sources */ = {isa = PBXBuildFile; fileRef = F00E5B811DC8836000B433CA /* CancelCall.swift */; };
		F01CD52D1DC8781D00E49914 /* AppDelegate.swift in Sources */ = {isa = PBXBuildFile; fileRef = F01CD52C1DC8781D00E49914 /* AppDelegate.swift */; };
		F01CD52F1DC8781D00E49914 /* Login.swift in Sources */ = {isa = PBXBuildFile; fileRef = F01CD52E1DC8781D00E49914 /* Login.swift */; };
		F01CD5321DC8781D00E49914 /* Main.storyboard in Resources */ = {isa = PBXBuildFile; fileRef = F01CD5301DC8781D00E49914 /* Main.storyboard */; };
		F01CD5341DC8781D00E49914 /* Assets.xcassets in Resources */ = {isa = PBXBuildFile; fileRef = F01CD5331DC8781D00E49914 /* Assets.xcassets */; };
		F01CD5371DC8781D00E49914 /* LaunchScreen.storyboard in Resources */ = {isa = PBXBuildFile; fileRef = F01CD5351DC8781D00E49914 /* LaunchScreen.storyboard */; };
		F01CD5421DC8781D00E49914 /* Reprieve_DispatchTests.swift in Sources */ = {isa = PBXBuildFile; fileRef = F01CD5411DC8781D00E49914 /* Reprieve_DispatchTests.swift */; };
		F01CD54D1DC8781E00E49914 /* Reprieve_DispatchUITests.swift in Sources */ = {isa = PBXBuildFile; fileRef = F01CD54C1DC8781E00E49914 /* Reprieve_DispatchUITests.swift */; };
		F01CD55B1DC879A500E49914 /* Icon-App-iPad-Pro.png in Resources */ = {isa = PBXBuildFile; fileRef = F01CD55A1DC879A500E49914 /* Icon-App-iPad-Pro.png */; };
		F0D351E11DC8839500ADBA2D /* HTTP.swift in Sources */ = {isa = PBXBuildFile; fileRef = F0D351E01DC8839500ADBA2D /* HTTP.swift */; };
/* End PBXBuildFile section */

/* Begin PBXContainerItemProxy section */
		F01CD53E1DC8781D00E49914 /* PBXContainerItemProxy */ = {
			isa = PBXContainerItemProxy;
			containerPortal = F01CD5211DC8781D00E49914 /* Project object */;
			proxyType = 1;
			remoteGlobalIDString = F01CD5281DC8781D00E49914;
			remoteInfo = "Reprieve-Dispatch";
		};
		F01CD5491DC8781E00E49914 /* PBXContainerItemProxy */ = {
			isa = PBXContainerItemProxy;
			containerPortal = F01CD5211DC8781D00E49914 /* Project object */;
			proxyType = 1;
			remoteGlobalIDString = F01CD5281DC8781D00E49914;
			remoteInfo = "Reprieve-Dispatch";
		};
/* End PBXContainerItemProxy section */

/* Begin PBXFileReference section */
		0E02CAA58A878D4CEE725AF2 /* Pods-Reprieve-Dispatch.release.xcconfig */ = {isa = PBXFileReference; includeInIndex = 1; lastKnownFileType = text.xcconfig; name = "Pods-Reprieve-Dispatch.release.xcconfig"; path = "Pods/Target Support Files/Pods-Reprieve-Dispatch/Pods-Reprieve-Dispatch.release.xcconfig"; sourceTree = "<group>"; };
		155F4BCA5F1794C39ED2160E /* Pods-Reprieve-Dispatch.debug.xcconfig */ = {isa = PBXFileReference; includeInIndex = 1; lastKnownFileType = text.xcconfig; name = "Pods-Reprieve-Dispatch.debug.xcconfig"; path = "Pods/Target Support Files/Pods-Reprieve-Dispatch/Pods-Reprieve-Dispatch.debug.xcconfig"; sourceTree = "<group>"; };
		4847FD862173EE5880924458 /* libPods-Reprieve-Dispatch.a */ = {isa = PBXFileReference; explicitFileType = archive.ar; includeInIndex = 0; path = "libPods-Reprieve-Dispatch.a"; sourceTree = BUILT_PRODUCTS_DIR; };
		F00E5B7D1DC8834600B433CA /* ManageCalls.swift */ = {isa = PBXFileReference; fileEncoding = 4; lastKnownFileType = sourcecode.swift; path = ManageCalls.swift; sourceTree = "<group>"; };
		F00E5B7F1DC8835400B433CA /* AddCall.swift */ = {isa = PBXFileReference; fileEncoding = 4; lastKnownFileType = sourcecode.swift; path = AddCall.swift; sourceTree = "<group>"; };
		F00E5B811DC8836000B433CA /* CancelCall.swift */ = {isa = PBXFileReference; fileEncoding = 4; lastKnownFileType = sourcecode.swift; path = CancelCall.swift; sourceTree = "<group>"; };
		F01CD5291DC8781D00E49914 /* Reprieve-Dispatch.app */ = {isa = PBXFileReference; explicitFileType = wrapper.application; includeInIndex = 0; path = "Reprieve-Dispatch.app"; sourceTree = BUILT_PRODUCTS_DIR; };
		F01CD52C1DC8781D00E49914 /* AppDelegate.swift */ = {isa = PBXFileReference; lastKnownFileType = sourcecode.swift; path = AppDelegate.swift; sourceTree = "<group>"; };
		F01CD52E1DC8781D00E49914 /* Login.swift */ = {isa = PBXFileReference; lastKnownFileType = sourcecode.swift; path = Login.swift; sourceTree = "<group>"; };
		F01CD5311DC8781D00E49914 /* Base */ = {isa = PBXFileReference; lastKnownFileType = file.storyboard; name = Base; path = Base.lproj/Main.storyboard; sourceTree = "<group>"; };
		F01CD5331DC8781D00E49914 /* Assets.xcassets */ = {isa = PBXFileReference; lastKnownFileType = folder.assetcatalog; path = Assets.xcassets; sourceTree = "<group>"; };
		F01CD5361DC8781D00E49914 /* Base */ = {isa = PBXFileReference; lastKnownFileType = file.storyboard; name = Base; path = Base.lproj/LaunchScreen.storyboard; sourceTree = "<group>"; };
		F01CD5381DC8781D00E49914 /* Info.plist */ = {isa = PBXFileReference; lastKnownFileType = text.plist.xml; path = Info.plist; sourceTree = "<group>"; };
		F01CD53D1DC8781D00E49914 /* Reprieve-DispatchTests.xctest */ = {isa = PBXFileReference; explicitFileType = wrapper.cfbundle; includeInIndex = 0; path = "Reprieve-DispatchTests.xctest"; sourceTree = BUILT_PRODUCTS_DIR; };
		F01CD5411DC8781D00E49914 /* Reprieve_DispatchTests.swift */ = {isa = PBXFileReference; lastKnownFileType = sourcecode.swift; path = Reprieve_DispatchTests.swift; sourceTree = "<group>"; };
		F01CD5431DC8781D00E49914 /* Info.plist */ = {isa = PBXFileReference; lastKnownFileType = text.plist.xml; path = Info.plist; sourceTree = "<group>"; };
		F01CD5481DC8781E00E49914 /* Reprieve-DispatchUITests.xctest */ = {isa = PBXFileReference; explicitFileType = wrapper.cfbundle; includeInIndex = 0; path = "Reprieve-DispatchUITests.xctest"; sourceTree = BUILT_PRODUCTS_DIR; };
		F01CD54C1DC8781E00E49914 /* Reprieve_DispatchUITests.swift */ = {isa = PBXFileReference; lastKnownFileType = sourcecode.swift; path = Reprieve_DispatchUITests.swift; sourceTree = "<group>"; };
		F01CD54E1DC8781E00E49914 /* Info.plist */ = {isa = PBXFileReference; lastKnownFileType = text.plist.xml; path = Info.plist; sourceTree = "<group>"; };
		F01CD55A1DC879A500E49914 /* Icon-App-iPad-Pro.png */ = {isa = PBXFileReference; lastKnownFileType = image.png; path = "Icon-App-iPad-Pro.png"; sourceTree = "<group>"; };
		F0D351E01DC8839500ADBA2D /* HTTP.swift */ = {isa = PBXFileReference; fileEncoding = 4; lastKnownFileType = sourcecode.swift; path = HTTP.swift; sourceTree = "<group>"; };
/* End PBXFileReference section */

/* Begin PBXFrameworksBuildPhase section */
		F01CD5261DC8781D00E49914 /* Frameworks */ = {
			isa = PBXFrameworksBuildPhase;
			buildActionMask = 2147483647;
			files = (
				90F3CDA921703EB343835E64 /* libPods-Reprieve-Dispatch.a in Frameworks */,
			);
			runOnlyForDeploymentPostprocessing = 0;
		};
		F01CD53A1DC8781D00E49914 /* Frameworks */ = {
			isa = PBXFrameworksBuildPhase;
			buildActionMask = 2147483647;
			files = (
			);
			runOnlyForDeploymentPostprocessing = 0;
		};
		F01CD5451DC8781E00E49914 /* Frameworks */ = {
			isa = PBXFrameworksBuildPhase;
			buildActionMask = 2147483647;
			files = (
			);
			runOnlyForDeploymentPostprocessing = 0;
		};
/* End PBXFrameworksBuildPhase section */

/* Begin PBXGroup section */
		3351D031EC30DF56AD363728 /* Frameworks */ = {
			isa = PBXGroup;
			children = (
				4847FD862173EE5880924458 /* libPods-Reprieve-Dispatch.a */,
			);
			name = Frameworks;
			sourceTree = "<group>";
		};
		8361745AA66868D020ECD356 /* Pods */ = {
			isa = PBXGroup;
			children = (
				155F4BCA5F1794C39ED2160E /* Pods-Reprieve-Dispatch.debug.xcconfig */,
				0E02CAA58A878D4CEE725AF2 /* Pods-Reprieve-Dispatch.release.xcconfig */,
			);
			name = Pods;
			sourceTree = "<group>";
		};
		F01CD5201DC8781D00E49914 = {
			isa = PBXGroup;
			children = (
				F01CD52B1DC8781D00E49914 /* Reprieve-Dispatch */,
				F01CD5401DC8781D00E49914 /* Reprieve-DispatchTests */,
				F01CD54B1DC8781E00E49914 /* Reprieve-DispatchUITests */,
				F01CD52A1DC8781D00E49914 /* Products */,
				8361745AA66868D020ECD356 /* Pods */,
				3351D031EC30DF56AD363728 /* Frameworks */,
			);
			sourceTree = "<group>";
		};
		F01CD52A1DC8781D00E49914 /* Products */ = {
			isa = PBXGroup;
			children = (
				F01CD5291DC8781D00E49914 /* Reprieve-Dispatch.app */,
				F01CD53D1DC8781D00E49914 /* Reprieve-DispatchTests.xctest */,
				F01CD5481DC8781E00E49914 /* Reprieve-DispatchUITests.xctest */,
			);
			name = Products;
			sourceTree = "<group>";
		};
		F01CD52B1DC8781D00E49914 /* Reprieve-Dispatch */ = {
			isa = PBXGroup;
			children = (
				F01CD55A1DC879A500E49914 /* Icon-App-iPad-Pro.png */,
				F0D351E01DC8839500ADBA2D /* HTTP.swift */,
				F01CD52C1DC8781D00E49914 /* AppDelegate.swift */,
				F01CD52E1DC8781D00E49914 /* Login.swift */,
				F00E5B7D1DC8834600B433CA /* ManageCalls.swift */,
				F00E5B7F1DC8835400B433CA /* AddCall.swift */,
				F00E5B811DC8836000B433CA /* CancelCall.swift */,
				F01CD5301DC8781D00E49914 /* Main.storyboard */,
				F01CD5331DC8781D00E49914 /* Assets.xcassets */,
				F01CD5351DC8781D00E49914 /* LaunchScreen.storyboard */,
				F01CD5381DC8781D00E49914 /* Info.plist */,
			);
			path = "Reprieve-Dispatch";
			sourceTree = "<group>";
		};
		F01CD5401DC8781D00E49914 /* Reprieve-DispatchTests */ = {
			isa = PBXGroup;
			children = (
				F01CD5411DC8781D00E49914 /* Reprieve_DispatchTests.swift */,
				F01CD5431DC8781D00E49914 /* Info.plist */,
			);
			path = "Reprieve-DispatchTests";
			sourceTree = "<group>";
		};
		F01CD54B1DC8781E00E49914 /* Reprieve-DispatchUITests */ = {
			isa = PBXGroup;
			children = (
				F01CD54C1DC8781E00E49914 /* Reprieve_DispatchUITests.swift */,
				F01CD54E1DC8781E00E49914 /* Info.plist */,
			);
			path = "Reprieve-DispatchUITests";
			sourceTree = "<group>";
		};
/* End PBXGroup section */

/* Begin PBXNativeTarget section */
		F01CD5281DC8781D00E49914 /* Reprieve-Dispatch */ = {
			isa = PBXNativeTarget;
			buildConfigurationList = F01CD5511DC8781E00E49914 /* Build configuration list for PBXNativeTarget "Reprieve-Dispatch" */;
			buildPhases = (
				8972EFED5DA8887391B2723A /* [CP] Check Pods Manifest.lock */,
				F01CD5251DC8781D00E49914 /* Sources */,
				F01CD5261DC8781D00E49914 /* Frameworks */,
				F01CD5271DC8781D00E49914 /* Resources */,
				C23B03A0DA6B96ED08AB0DB4 /* [CP] Embed Pods Frameworks */,
				04845B4FEEB00DB495E9EB9B /* [CP] Copy Pods Resources */,
			);
			buildRules = (
			);
			dependencies = (
			);
			name = "Reprieve-Dispatch";
			productName = "Reprieve-Dispatch";
			productReference = F01CD5291DC8781D00E49914 /* Reprieve-Dispatch.app */;
			productType = "com.apple.product-type.application";
		};
		F01CD53C1DC8781D00E49914 /* Reprieve-DispatchTests */ = {
			isa = PBXNativeTarget;
			buildConfigurationList = F01CD5541DC8781E00E49914 /* Build configuration list for PBXNativeTarget "Reprieve-DispatchTests" */;
			buildPhases = (
				F01CD5391DC8781D00E49914 /* Sources */,
				F01CD53A1DC8781D00E49914 /* Frameworks */,
				F01CD53B1DC8781D00E49914 /* Resources */,
			);
			buildRules = (
			);
			dependencies = (
				F01CD53F1DC8781D00E49914 /* PBXTargetDependency */,
			);
			name = "Reprieve-DispatchTests";
			productName = "Reprieve-DispatchTests";
			productReference = F01CD53D1DC8781D00E49914 /* Reprieve-DispatchTests.xctest */;
			productType = "com.apple.product-type.bundle.unit-test";
		};
		F01CD5471DC8781E00E49914 /* Reprieve-DispatchUITests */ = {
			isa = PBXNativeTarget;
			buildConfigurationList = F01CD5571DC8781E00E49914 /* Build configuration list for PBXNativeTarget "Reprieve-DispatchUITests" */;
			buildPhases = (
				F01CD5441DC8781E00E49914 /* Sources */,
				F01CD5451DC8781E00E49914 /* Frameworks */,
				F01CD5461DC8781E00E49914 /* Resources */,
			);
			buildRules = (
			);
			dependencies = (
				F01CD54A1DC8781E00E49914 /* PBXTargetDependency */,
			);
			name = "Reprieve-DispatchUITests";
			productName = "Reprieve-DispatchUITests";
			productReference = F01CD5481DC8781E00E49914 /* Reprieve-DispatchUITests.xctest */;
			productType = "com.apple.product-type.bundle.ui-testing";
		};
/* End PBXNativeTarget section */

/* Begin PBXProject section */
		F01CD5211DC8781D00E49914 /* Project object */ = {
			isa = PBXProject;
			attributes = {
				LastSwiftUpdateCheck = 0810;
				LastUpgradeCheck = 0810;
				ORGANIZATIONNAME = "Jake Byman";
				TargetAttributes = {
					F01CD5281DC8781D00E49914 = {
						CreatedOnToolsVersion = 8.1;
						DevelopmentTeam = MWHMN36Y24;
						ProvisioningStyle = Automatic;
					};
					F01CD53C1DC8781D00E49914 = {
						CreatedOnToolsVersion = 8.1;
						DevelopmentTeam = MWHMN36Y24;
						ProvisioningStyle = Automatic;
						TestTargetID = F01CD5281DC8781D00E49914;
					};
					F01CD5471DC8781E00E49914 = {
						CreatedOnToolsVersion = 8.1;
						DevelopmentTeam = MWHMN36Y24;
						ProvisioningStyle = Automatic;
						TestTargetID = F01CD5281DC8781D00E49914;
					};
				};
			};
			buildConfigurationList = F01CD5241DC8781D00E49914 /* Build configuration list for PBXProject "Reprieve-Dispatch" */;
			compatibilityVersion = "Xcode 3.2";
			developmentRegion = English;
			hasScannedForEncodings = 0;
			knownRegions = (
				en,
				Base,
			);
			mainGroup = F01CD5201DC8781D00E49914;
			productRefGroup = F01CD52A1DC8781D00E49914 /* Products */;
			projectDirPath = "";
			projectRoot = "";
			targets = (
				F01CD5281DC8781D00E49914 /* Reprieve-Dispatch */,
				F01CD53C1DC8781D00E49914 /* Reprieve-DispatchTests */,
				F01CD5471DC8781E00E49914 /* Reprieve-DispatchUITests */,
			);
		};
/* End PBXProject section */

/* Begin PBXResourcesBuildPhase section */
		F01CD5271DC8781D00E49914 /* Resources */ = {
			isa = PBXResourcesBuildPhase;
			buildActionMask = 2147483647;
			files = (
				F01CD55B1DC879A500E49914 /* Icon-App-iPad-Pro.png in Resources */,
				F01CD5371DC8781D00E49914 /* LaunchScreen.storyboard in Resources */,
				F01CD5341DC8781D00E49914 /* Assets.xcassets in Resources */,
				F01CD5321DC8781D00E49914 /* Main.storyboard in Resources */,
			);
			runOnlyForDeploymentPostprocessing = 0;
		};
		F01CD53B1DC8781D00E49914 /* Resources */ = {
			isa = PBXResourcesBuildPhase;
			buildActionMask = 2147483647;
			files = (
			);
			runOnlyForDeploymentPostprocessing = 0;
		};
		F01CD5461DC8781E00E49914 /* Resources */ = {
			isa = PBXResourcesBuildPhase;
			buildActionMask = 2147483647;
			files = (
			);
			runOnlyForDeploymentPostprocessing = 0;
		};
/* End PBXResourcesBuildPhase section */

/* Begin PBXShellScriptBuildPhase section */
		04845B4FEEB00DB495E9EB9B /* [CP] Copy Pods Resources */ = {
			isa = PBXShellScriptBuildPhase;
			buildActionMask = 2147483647;
			files = (
			);
			inputPaths = (
			);
			name = "[CP] Copy Pods Resources";
			outputPaths = (
			);
			runOnlyForDeploymentPostprocessing = 0;
			shellPath = /bin/sh;
			shellScript = "\"${SRCROOT}/Pods/Target Support Files/Pods-Reprieve-Dispatch/Pods-Reprieve-Dispatch-resources.sh\"\n";
			showEnvVarsInLog = 0;
		};
		8972EFED5DA8887391B2723A /* [CP] Check Pods Manifest.lock */ = {
			isa = PBXShellScriptBuildPhase;
			buildActionMask = 2147483647;
			files = (
			);
			inputPaths = (
			);
			name = "[CP] Check Pods Manifest.lock";
			outputPaths = (
			);
			runOnlyForDeploymentPostprocessing = 0;
			shellPath = /bin/sh;
			shellScript = "diff \"${PODS_ROOT}/../Podfile.lock\" \"${PODS_ROOT}/Manifest.lock\" > /dev/null\nif [ $? != 0 ] ; then\n    # print error to STDERR\n    echo \"error: The sandbox is not in sync with the Podfile.lock. Run 'pod install' or update your CocoaPods installation.\" >&2\n    exit 1\nfi\n";
			showEnvVarsInLog = 0;
		};
		C23B03A0DA6B96ED08AB0DB4 /* [CP] Embed Pods Frameworks */ = {
			isa = PBXShellScriptBuildPhase;
			buildActionMask = 2147483647;
			files = (
			);
			inputPaths = (
			);
			name = "[CP] Embed Pods Frameworks";
			outputPaths = (
			);
			runOnlyForDeploymentPostprocessing = 0;
			shellPath = /bin/sh;
			shellScript = "\"${SRCROOT}/Pods/Target Support Files/Pods-Reprieve-Dispatch/Pods-Reprieve-Dispatch-frameworks.sh\"\n";
			showEnvVarsInLog = 0;
		};
/* End PBXShellScriptBuildPhase section */

/* Begin PBXSourcesBuildPhase section */
		F01CD5251DC8781D00E49914 /* Sources */ = {
			isa = PBXSourcesBuildPhase;
			buildActionMask = 2147483647;
			files = (
				F00E5B821DC8836000B433CA /* CancelCall.swift in Sources */,
				F00E5B7E1DC8834600B433CA /* ManageCalls.swift in Sources */,
				F00E5B801DC8835400B433CA /* AddCall.swift in Sources */,
				F0D351E11DC8839500ADBA2D /* HTTP.swift in Sources */,
				F01CD52F1DC8781D00E49914 /* Login.swift in Sources */,
				F01CD52D1DC8781D00E49914 /* AppDelegate.swift in Sources */,
			);
			runOnlyForDeploymentPostprocessing = 0;
		};
		F01CD5391DC8781D00E49914 /* Sources */ = {
			isa = PBXSourcesBuildPhase;
			buildActionMask = 2147483647;
			files = (
				F01CD5421DC8781D00E49914 /* Reprieve_DispatchTests.swift in Sources */,
			);
			runOnlyForDeploymentPostprocessing = 0;
		};
		F01CD5441DC8781E00E49914 /* Sources */ = {
			isa = PBXSourcesBuildPhase;
			buildActionMask = 2147483647;
			files = (
				F01CD54D1DC8781E00E49914 /* Reprieve_DispatchUITests.swift in Sources */,
			);
			runOnlyForDeploymentPostprocessing = 0;
		};
/* End PBXSourcesBuildPhase section */

/* Begin PBXTargetDependency section */
		F01CD53F1DC8781D00E49914 /* PBXTargetDependency */ = {
			isa = PBXTargetDependency;
			target = F01CD5281DC8781D00E49914 /* Reprieve-Dispatch */;
			targetProxy = F01CD53E1DC8781D00E49914 /* PBXContainerItemProxy */;
		};
		F01CD54A1DC8781E00E49914 /* PBXTargetDependency */ = {
			isa = PBXTargetDependency;
			target = F01CD5281DC8781D00E49914 /* Reprieve-Dispatch */;
			targetProxy = F01CD5491DC8781E00E49914 /* PBXContainerItemProxy */;
		};
/* End PBXTargetDependency section */

/* Begin PBXVariantGroup section */
		F01CD5301DC8781D00E49914 /* Main.storyboard */ = {
			isa = PBXVariantGroup;
			children = (
				F01CD5311DC8781D00E49914 /* Base */,
			);
			name = Main.storyboard;
			sourceTree = "<group>";
		};
		F01CD5351DC8781D00E49914 /* LaunchScreen.storyboard */ = {
			isa = PBXVariantGroup;
			children = (
				F01CD5361DC8781D00E49914 /* Base */,
			);
			name = LaunchScreen.storyboard;
			sourceTree = "<group>";
		};
/* End PBXVariantGroup section */

/* Begin XCBuildConfiguration section */
		F01CD54F1DC8781E00E49914 /* Debug */ = {
			isa = XCBuildConfiguration;
			buildSettings = {
				ALWAYS_SEARCH_USER_PATHS = NO;
				CLANG_ANALYZER_NONNULL = YES;
				CLANG_CXX_LANGUAGE_STANDARD = "gnu++0x";
				CLANG_CXX_LIBRARY = "libc++";
				CLANG_ENABLE_MODULES = YES;
				CLANG_ENABLE_OBJC_ARC = YES;
				CLANG_WARN_BOOL_CONVERSION = YES;
				CLANG_WARN_CONSTANT_CONVERSION = YES;
				CLANG_WARN_DIRECT_OBJC_ISA_USAGE = YES_ERROR;
				CLANG_WARN_DOCUMENTATION_COMMENTS = YES;
				CLANG_WARN_EMPTY_BODY = YES;
				CLANG_WARN_ENUM_CONVERSION = YES;
				CLANG_WARN_INFINITE_RECURSION = YES;
				CLANG_WARN_INT_CONVERSION = YES;
				CLANG_WARN_OBJC_ROOT_CLASS = YES_ERROR;
				CLANG_WARN_SUSPICIOUS_MOVES = YES;
				CLANG_WARN_UNREACHABLE_CODE = YES;
				CLANG_WARN__DUPLICATE_METHOD_MATCH = YES;
				"CODE_SIGN_IDENTITY[sdk=iphoneos*]" = "iPhone Developer";
				COPY_PHASE_STRIP = NO;
				DEBUG_INFORMATION_FORMAT = dwarf;
				ENABLE_STRICT_OBJC_MSGSEND = YES;
				ENABLE_TESTABILITY = YES;
				GCC_C_LANGUAGE_STANDARD = gnu99;
				GCC_DYNAMIC_NO_PIC = NO;
				GCC_NO_COMMON_BLOCKS = YES;
				GCC_OPTIMIZATION_LEVEL = 0;
				GCC_PREPROCESSOR_DEFINITIONS = (
					"DEBUG=1",
					"$(inherited)",
				);
				GCC_WARN_64_TO_32_BIT_CONVERSION = YES;
				GCC_WARN_ABOUT_RETURN_TYPE = YES_ERROR;
				GCC_WARN_UNDECLARED_SELECTOR = YES;
				GCC_WARN_UNINITIALIZED_AUTOS = YES_AGGRESSIVE;
				GCC_WARN_UNUSED_FUNCTION = YES;
				GCC_WARN_UNUSED_VARIABLE = YES;
				IPHONEOS_DEPLOYMENT_TARGET = 10.1;
				MTL_ENABLE_DEBUG_INFO = YES;
				ONLY_ACTIVE_ARCH = YES;
				SDKROOT = iphoneos;
				SWIFT_ACTIVE_COMPILATION_CONDITIONS = DEBUG;
				SWIFT_OPTIMIZATION_LEVEL = "-Onone";
				TARGETED_DEVICE_FAMILY = "1,2";
			};
			name = Debug;
		};
		F01CD5501DC8781E00E49914 /* Release */ = {
			isa = XCBuildConfiguration;
			buildSettings = {
				ALWAYS_SEARCH_USER_PATHS = NO;
				CLANG_ANALYZER_NONNULL = YES;
				CLANG_CXX_LANGUAGE_STANDARD = "gnu++0x";
				CLANG_CXX_LIBRARY = "libc++";
				CLANG_ENABLE_MODULES = YES;
				CLANG_ENABLE_OBJC_ARC = YES;
				CLANG_WARN_BOOL_CONVERSION = YES;
				CLANG_WARN_CONSTANT_CONVERSION = YES;
				CLANG_WARN_DIRECT_OBJC_ISA_USAGE = YES_ERROR;
				CLANG_WARN_DOCUMENTATION_COMMENTS = YES;
				CLANG_WARN_EMPTY_BODY = YES;
				CLANG_WARN_ENUM_CONVERSION = YES;
				CLANG_WARN_INFINITE_RECURSION = YES;
				CLANG_WARN_INT_CONVERSION = YES;
				CLANG_WARN_OBJC_ROOT_CLASS = YES_ERROR;
				CLANG_WARN_SUSPICIOUS_MOVES = YES;
				CLANG_WARN_UNREACHABLE_CODE = YES;
				CLANG_WARN__DUPLICATE_METHOD_MATCH = YES;
				"CODE_SIGN_IDENTITY[sdk=iphoneos*]" = "iPhone Developer";
				COPY_PHASE_STRIP = NO;
				DEBUG_INFORMATION_FORMAT = "dwarf-with-dsym";
				ENABLE_NS_ASSERTIONS = NO;
				ENABLE_STRICT_OBJC_MSGSEND = YES;
				GCC_C_LANGUAGE_STANDARD = gnu99;
				GCC_NO_COMMON_BLOCKS = YES;
				GCC_WARN_64_TO_32_BIT_CONVERSION = YES;
				GCC_WARN_ABOUT_RETURN_TYPE = YES_ERROR;
				GCC_WARN_UNDECLARED_SELECTOR = YES;
				GCC_WARN_UNINITIALIZED_AUTOS = YES_AGGRESSIVE;
				GCC_WARN_UNUSED_FUNCTION = YES;
				GCC_WARN_UNUSED_VARIABLE = YES;
				IPHONEOS_DEPLOYMENT_TARGET = 10.1;
				MTL_ENABLE_DEBUG_INFO = NO;
				SDKROOT = iphoneos;
				SWIFT_OPTIMIZATION_LEVEL = "-Owholemodule";
				TARGETED_DEVICE_FAMILY = "1,2";
				VALIDATE_PRODUCT = YES;
			};
			name = Release;
		};
		F01CD5521DC8781E00E49914 /* Debug */ = {
			isa = XCBuildConfiguration;
			baseConfigurationReference = 155F4BCA5F1794C39ED2160E /* Pods-Reprieve-Dispatch.debug.xcconfig */;
			buildSettings = {
				ASSETCATALOG_COMPILER_APPICON_NAME = AppIcon;
				DEVELOPMENT_TEAM = MWHMN36Y24;
				INFOPLIST_FILE = "Reprieve-Dispatch/Info.plist";
				LD_RUNPATH_SEARCH_PATHS = "$(inherited) @executable_path/Frameworks";
				PRODUCT_BUNDLE_IDENTIFIER = "com.asynchronous.Reprieve-Dispatch";
				PRODUCT_NAME = "$(TARGET_NAME)";
				SWIFT_VERSION = 3.0;
				TARGETED_DEVICE_FAMILY = 2;
			};
			name = Debug;
		};
		F01CD5531DC8781E00E49914 /* Release */ = {
			isa = XCBuildConfiguration;
			baseConfigurationReference = 0E02CAA58A878D4CEE725AF2 /* Pods-Reprieve-Dispatch.release.xcconfig */;
			buildSettings = {
				ASSETCATALOG_COMPILER_APPICON_NAME = AppIcon;
				DEVELOPMENT_TEAM = MWHMN36Y24;
				INFOPLIST_FILE = "Reprieve-Dispatch/Info.plist";
				LD_RUNPATH_SEARCH_PATHS = "$(inherited) @executable_path/Frameworks";
				PRODUCT_BUNDLE_IDENTIFIER = "com.asynchronous.Reprieve-Dispatch";
				PRODUCT_NAME = "$(TARGET_NAME)";
				SWIFT_VERSION = 3.0;
				TARGETED_DEVICE_FAMILY = 2;
			};
			name = Release;
		};
		F01CD5551DC8781E00E49914 /* Debug */ = {
			isa = XCBuildConfiguration;
			buildSettings = {
				ALWAYS_EMBED_SWIFT_STANDARD_LIBRARIES = YES;
				BUNDLE_LOADER = "$(TEST_HOST)";
				DEVELOPMENT_TEAM = MWHMN36Y24;
				INFOPLIST_FILE = "Reprieve-DispatchTests/Info.plist";
				LD_RUNPATH_SEARCH_PATHS = "$(inherited) @executable_path/Frameworks @loader_path/Frameworks";
				PRODUCT_BUNDLE_IDENTIFIER = "com.asynchronous.Reprieve-DispatchTests";
				PRODUCT_NAME = "$(TARGET_NAME)";
				SWIFT_VERSION = 3.0;
				TEST_HOST = "$(BUILT_PRODUCTS_DIR)/Reprieve-Dispatch.app/Reprieve-Dispatch";
			};
			name = Debug;
		};
		F01CD5561DC8781E00E49914 /* Release */ = {
			isa = XCBuildConfiguration;
			buildSettings = {
				ALWAYS_EMBED_SWIFT_STANDARD_LIBRARIES = YES;
				BUNDLE_LOADER = "$(TEST_HOST)";
				DEVELOPMENT_TEAM = MWHMN36Y24;
				INFOPLIST_FILE = "Reprieve-DispatchTests/Info.plist";
				LD_RUNPATH_SEARCH_PATHS = "$(inherited) @executable_path/Frameworks @loader_path/Frameworks";
				PRODUCT_BUNDLE_IDENTIFIER = "com.asynchronous.Reprieve-DispatchTests";
				PRODUCT_NAME = "$(TARGET_NAME)";
				SWIFT_VERSION = 3.0;
				TEST_HOST = "$(BUILT_PRODUCTS_DIR)/Reprieve-Dispatch.app/Reprieve-Dispatch";
			};
			name = Release;
		};
		F01CD5581DC8781E00E49914 /* Debug */ = {
			isa = XCBuildConfiguration;
			buildSettings = {
				ALWAYS_EMBED_SWIFT_STANDARD_LIBRARIES = YES;
				DEVELOPMENT_TEAM = MWHMN36Y24;
				INFOPLIST_FILE = "Reprieve-DispatchUITests/Info.plist";
				LD_RUNPATH_SEARCH_PATHS = "$(inherited) @executable_path/Frameworks @loader_path/Frameworks";
				PRODUCT_BUNDLE_IDENTIFIER = "com.asynchronous.Reprieve-DispatchUITests";
				PRODUCT_NAME = "$(TARGET_NAME)";
				SWIFT_VERSION = 3.0;
				TEST_TARGET_NAME = "Reprieve-Dispatch";
			};
			name = Debug;
		};
		F01CD5591DC8781E00E49914 /* Release */ = {
			isa = XCBuildConfiguration;
			buildSettings = {
				ALWAYS_EMBED_SWIFT_STANDARD_LIBRARIES = YES;
				DEVELOPMENT_TEAM = MWHMN36Y24;
				INFOPLIST_FILE = "Reprieve-DispatchUITests/Info.plist";
				LD_RUNPATH_SEARCH_PATHS = "$(inherited) @executable_path/Frameworks @loader_path/Frameworks";
				PRODUCT_BUNDLE_IDENTIFIER = "com.asynchronous.Reprieve-DispatchUITests";
				PRODUCT_NAME = "$(TARGET_NAME)";
				SWIFT_VERSION = 3.0;
				TEST_TARGET_NAME = "Reprieve-Dispatch";
			};
			name = Release;
		};
/* End XCBuildConfiguration section */

/* Begin XCConfigurationList section */
		F01CD5241DC8781D00E49914 /* Build configuration list for PBXProject "Reprieve-Dispatch" */ = {
			isa = XCConfigurationList;
			buildConfigurations = (
				F01CD54F1DC8781E00E49914 /* Debug */,
				F01CD5501DC8781E00E49914 /* Release */,
			);
			defaultConfigurationIsVisible = 0;
			defaultConfigurationName = Release;
		};
		F01CD5511DC8781E00E49914 /* Build configuration list for PBXNativeTarget "Reprieve-Dispatch" */ = {
			isa = XCConfigurationList;
			buildConfigurations = (
				F01CD5521DC8781E00E49914 /* Debug */,
				F01CD5531DC8781E00E49914 /* Release */,
			);
			defaultConfigurationIsVisible = 0;
			defaultConfigurationName = Release;
		};
		F01CD5541DC8781E00E49914 /* Build configuration list for PBXNativeTarget "Reprieve-DispatchTests" */ = {
			isa = XCConfigurationList;
			buildConfigurations = (
				F01CD5551DC8781E00E49914 /* Debug */,
				F01CD5561DC8781E00E49914 /* Release */,
			);
			defaultConfigurationIsVisible = 0;
			defaultConfigurationName = Release;
		};
		F01CD5571DC8781E00E49914 /* Build configuration list for PBXNativeTarget "Reprieve-DispatchUITests" */ = {
			isa = XCConfigurationList;
			buildConfigurations = (
				F01CD5581DC8781E00E49914 /* Debug */,
				F01CD5591DC8781E00E49914 /* Release */,
			);
			defaultConfigurationIsVisible = 0;
			defaultConfigurationName = Release;
		};
/* End XCConfigurationList section */
	};
	rootObject = F01CD5211DC8781D00E49914 /* Project object */;
}
